
Microsoft Visual Studio Solution File, Format Version 12.00
# Visual Studio Version 16
VisualStudioVersion = 16.0.36602.28
MinimumVisualStudioVersion = 10.0.40219.1
Project("{FAE04EC0-301F-11D3-BF4B-00C04F79EFBC}") = "ValueIteration2", "ValueIteration2\ValueIteration2.csproj", "{4713F4F4-FBDA-4025-9D2C-E6F947638840}"
EndProject
Global
	GlobalSection(SolutionConfigurationPlatforms) = preSolution
		Debug|Any CPU = Debug|Any CPU
		Release|Any CPU = Release|Any CPU
	EndGlobalSection
	GlobalSection(ProjectConfigurationPlatforms) = postSolution
		{4713F4F4-FBDA-4025-9D2C-E6F947638840}.Debug|Any CPU.ActiveCfg = Debug|Any CPU
		{4713F4F4-FBDA-4025-9D2C-E6F947638840}.Debug|Any CPU.Build.0 = Debug|Any CPU
		{4713F4F4-FBDA-4025-9D2C-E6F947638840}.Release|Any CPU.ActiveCfg = Release|Any CPU
		{4713F4F4-FBDA-4025-9D2C-E6F947638840}.Release|Any CPU.Build.0 = Release|Any CPU
	EndGlobalSection
	GlobalSection(SolutionProperties) = preSolution
		HideSolutionNode = FALSE
	EndGlobalSection
	GlobalSection(ExtensibilityGlobals) = postSolution
		SolutionGuid = {E605F740-8F1B-4450-BDC6-1BCFF5582014}
	EndGlobalSection
EndGlobal
