
Microsoft Visual Studio Solution File, Format Version 12.00
# Visual Studio Version 16
VisualStudioVersion = 16.0.36602.28
MinimumVisualStudioVersion = 10.0.40219.1
Project("{FAE04EC0-301F-11D3-BF4B-00C04F79EFBC}") = "OptimalityFinder", "OptimalityFinder\OptimalityFinder.csproj", "{3DEE02A8-2A90-45E8-A828-2630BC3107FB}"
EndProject
Global
	GlobalSection(SolutionConfigurationPlatforms) = preSolution
		Debug|Any CPU = Debug|Any CPU
		Release|Any CPU = Release|Any CPU
	EndGlobalSection
	GlobalSection(ProjectConfigurationPlatforms) = postSolution
		{3DEE02A8-2A90-45E8-A828-2630BC3107FB}.Debug|Any CPU.ActiveCfg = Debug|Any CPU
		{3DEE02A8-2A90-45E8-A828-2630BC3107FB}.Debug|Any CPU.Build.0 = Debug|Any CPU
		{3DEE02A8-2A90-45E8-A828-2630BC3107FB}.Release|Any CPU.ActiveCfg = Release|Any CPU
		{3DEE02A8-2A90-45E8-A828-2630BC3107FB}.Release|Any CPU.Build.0 = Release|Any CPU
	EndGlobalSection
	GlobalSection(SolutionProperties) = preSolution
		HideSolutionNode = FALSE
	EndGlobalSection
	GlobalSection(ExtensibilityGlobals) = postSolution
		SolutionGuid = {6C9DD97A-9925-44B3-8645-DD2B08869890}
	EndGlobalSection
EndGlobal
